{
  "requires": true,
  "lockfileVersion": 1,
  "dependencies": {
    "@jetbrains/kotlin-react": {
      "version": "16.3.1-pre.27",
      "resolved": "https://registry.npmjs.org/@jetbrains/kotlin-react/-/kotlin-react-16.3.1-pre.27.tgz",
      "integrity": "sha1-zWYLWX3qRmKy3OL/Q574P4fa0eQ="
    }
  }
}
